// !$*UTF8*$!
{
	archiveVersion = 1;
	classes = {
	};
	objectVersion = 51;
	objects = {

/* Begin PBXBuildFile section */
		13B8FC6C2607161000341244 /* Utilities.swift in Sources */ = {isa = PBXBuildFile; fileRef = 13B8FC6B2607161000341244 /* Utilities.swift */; };
		13E12E5826070E92007638E7 /* AppDelegate.swift in Sources */ = {isa = PBXBuildFile; fileRef = 13E12E5726070E92007638E7 /* AppDelegate.swift */; };
		13E12E5A26070E92007638E7 /* SceneDelegate.swift in Sources */ = {isa = PBXBuildFile; fileRef = 13E12E5926070E92007638E7 /* SceneDelegate.swift */; };
		13E12E5C26070E92007638E7 /* ViewController.swift in Sources */ = {isa = PBXBuildFile; fileRef = 13E12E5B26070E92007638E7 /* ViewController.swift */; };
		13E12E5F26070E93007638E7 /* Main.storyboard in Resources */ = {isa = PBXBuildFile; fileRef = 13E12E5D26070E93007638E7 /* Main.storyboard */; };
		13E12E6126070E94007638E7 /* Assets.xcassets in Resources */ = {isa = PBXBuildFile; fileRef = 13E12E6026070E94007638E7 /* Assets.xcassets */; };
		13E12E6426070E94007638E7 /* LaunchScreen.storyboard in Resources */ = {isa = PBXBuildFile; fileRef = 13E12E6226070E94007638E7 /* LaunchScreen.storyboard */; };
		13E12E6D26070F1C007638E7 /* SignUpViewController.swift in Sources */ = {isa = PBXBuildFile; fileRef = 13E12E6C26070F1C007638E7 /* SignUpViewController.swift */; };
		13E12E7026070F2B007638E7 /* LoginViewController.swift in Sources */ = {isa = PBXBuildFile; fileRef = 13E12E6F26070F2B007638E7 /* LoginViewController.swift */; };
		13E12E7326070F45007638E7 /* HomeViewController.swift in Sources */ = {isa = PBXBuildFile; fileRef = 13E12E7226070F45007638E7 /* HomeViewController.swift */; };
		13EA9FBE2607F76D0062DFD7 /* GoogleService-Info.plist in Resources */ = {isa = PBXBuildFile; fileRef = 13EA9FBD2607F76D0062DFD7 /* GoogleService-Info.plist */; };
		13EA9FE5260826B30062DFD7 /* Constants.swift in Sources */ = {isa = PBXBuildFile; fileRef = 13EA9FE4260826B30062DFD7 /* Constants.swift */; };
		3F646A68A3036322D1E6266C /* Pods_PetFeeder.framework in Frameworks */ = {isa = PBXBuildFile; fileRef = 1DB3D47EC6E2C6343C0E6841 /* Pods_PetFeeder.framework */; };
/* End PBXBuildFile section */

/* Begin PBXFileReference section */
		13B8FC6B2607161000341244 /* Utilities.swift */ = {isa = PBXFileReference; lastKnownFileType = sourcecode.swift; path = Utilities.swift; sourceTree = "<group>"; };
		13E12E5426070E92007638E7 /* PetFeeder.app */ = {isa = PBXFileReference; explicitFileType = wrapper.application; includeInIndex = 0; path = PetFeeder.app; sourceTree = BUILT_PRODUCTS_DIR; };
		13E12E5726070E92007638E7 /* AppDelegate.swift */ = {isa = PBXFileReference; lastKnownFileType = sourcecode.swift; path = AppDelegate.swift; sourceTree = "<group>"; };
		13E12E5926070E92007638E7 /* SceneDelegate.swift */ = {isa = PBXFileReference; lastKnownFileType = sourcecode.swift; path = SceneDelegate.swift; sourceTree = "<group>"; };
		13E12E5B26070E92007638E7 /* ViewController.swift */ = {isa = PBXFileReference; lastKnownFileType = sourcecode.swift; path = ViewController.swift; sourceTree = "<group>"; };
		13E12E5E26070E93007638E7 /* Base */ = {isa = PBXFileReference; lastKnownFileType = file.storyboard; name = Base; path = Base.lproj/Main.storyboard; sourceTree = "<group>"; };
		13E12E6026070E94007638E7 /* Assets.xcassets */ = {isa = PBXFileReference; lastKnownFileType = folder.assetcatalog; path = Assets.xcassets; sourceTree = "<group>"; };
		13E12E6326070E94007638E7 /* Base */ = {isa = PBXFileReference; lastKnownFileType = file.storyboard; name = Base; path = Base.lproj/LaunchScreen.storyboard; sourceTree = "<group>"; };
		13E12E6526070E94007638E7 /* Info.plist */ = {isa = PBXFileReference; lastKnownFileType = text.plist.xml; path = Info.plist; sourceTree = "<group>"; };
		13E12E6C26070F1C007638E7 /* SignUpViewController.swift */ = {isa = PBXFileReference; lastKnownFileType = sourcecode.swift; path = SignUpViewController.swift; sourceTree = "<group>"; };
		13E12E6F26070F2B007638E7 /* LoginViewController.swift */ = {isa = PBXFileReference; lastKnownFileType = sourcecode.swift; path = LoginViewController.swift; sourceTree = "<group>"; };
		13E12E7226070F45007638E7 /* HomeViewController.swift */ = {isa = PBXFileReference; lastKnownFileType = sourcecode.swift; path = HomeViewController.swift; sourceTree = "<group>"; };
		13EA9FBD2607F76D0062DFD7 /* GoogleService-Info.plist */ = {isa = PBXFileReference; fileEncoding = 4; lastKnownFileType = text.plist.xml; path = "GoogleService-Info.plist"; sourceTree = "<group>"; };
		13EA9FE4260826B30062DFD7 /* Constants.swift */ = {isa = PBXFileReference; lastKnownFileType = sourcecode.swift; path = Constants.swift; sourceTree = "<group>"; };
		1DB3D47EC6E2C6343C0E6841 /* Pods_PetFeeder.framework */ = {isa = PBXFileReference; explicitFileType = wrapper.framework; includeInIndex = 0; path = Pods_PetFeeder.framework; sourceTree = BUILT_PRODUCTS_DIR; };
		3E2449AE2481DB8F22760C3E /* Pods-PetFeeder.release.xcconfig */ = {isa = PBXFileReference; includeInIndex = 1; lastKnownFileType = text.xcconfig; name = "Pods-PetFeeder.release.xcconfig"; path = "Target Support Files/Pods-PetFeeder/Pods-PetFeeder.release.xcconfig"; sourceTree = "<group>"; };
		A543EBB7E68684F3A0B1E3D9 /* Pods-PetFeeder.debug.xcconfig */ = {isa = PBXFileReference; includeInIndex = 1; lastKnownFileType = text.xcconfig; name = "Pods-PetFeeder.debug.xcconfig"; path = "Target Support Files/Pods-PetFeeder/Pods-PetFeeder.debug.xcconfig"; sourceTree = "<group>"; };
/* End PBXFileReference section */

/* Begin PBXFrameworksBuildPhase section */
		13E12E5126070E92007638E7 /* Frameworks */ = {
			isa = PBXFrameworksBuildPhase;
			buildActionMask = 2147483647;
			files = (
				3F646A68A3036322D1E6266C /* Pods_PetFeeder.framework in Frameworks */,
			);
			runOnlyForDeploymentPostprocessing = 0;
		};
/* End PBXFrameworksBuildPhase section */

/* Begin PBXGroup section */
		13B8FC6A260715CB00341244 /* Helpers */ = {
			isa = PBXGroup;
			children = (
				13B8FC6B2607161000341244 /* Utilities.swift */,
				13EA9FE4260826B30062DFD7 /* Constants.swift */,
			);
			path = Helpers;
			sourceTree = "<group>";
		};
		13E12E4B26070E92007638E7 = {
			isa = PBXGroup;
			children = (
				13E12E5626070E92007638E7 /* PetFeeder */,
				13E12E5526070E92007638E7 /* Products */,
				ED962CF1F93DE964CF666FC2 /* Pods */,
				3F85E58A3E2C79F8447B0A6A /* Frameworks */,
			);
			sourceTree = "<group>";
		};
		13E12E5526070E92007638E7 /* Products */ = {
			isa = PBXGroup;
			children = (
				13E12E5426070E92007638E7 /* PetFeeder.app */,
			);
			name = Products;
			sourceTree = "<group>";
		};
		13E12E5626070E92007638E7 /* PetFeeder */ = {
			isa = PBXGroup;
			children = (
				13E12E5726070E92007638E7 /* AppDelegate.swift */,
				13E12E5926070E92007638E7 /* SceneDelegate.swift */,
				13B8FC6A260715CB00341244 /* Helpers */,
				13E12E7526070F4C007638E7 /* View Contollers */,
				13E12E5D26070E93007638E7 /* Main.storyboard */,
				13E12E6026070E94007638E7 /* Assets.xcassets */,
				13E12E6226070E94007638E7 /* LaunchScreen.storyboard */,
				13EA9FBD2607F76D0062DFD7 /* GoogleService-Info.plist */,
				13E12E6526070E94007638E7 /* Info.plist */,
			);
			path = PetFeeder;
			sourceTree = "<group>";
		};
		13E12E7526070F4C007638E7 /* View Contollers */ = {
			isa = PBXGroup;
			children = (
				13E12E5B26070E92007638E7 /* ViewController.swift */,
				13E12E6C26070F1C007638E7 /* SignUpViewController.swift */,
				13E12E6F26070F2B007638E7 /* LoginViewController.swift */,
				13E12E7226070F45007638E7 /* HomeViewController.swift */,
			);
			path = "View Contollers";
			sourceTree = "<group>";
		};
		3F85E58A3E2C79F8447B0A6A /* Frameworks */ = {
			isa = PBXGroup;
			children = (
				1DB3D47EC6E2C6343C0E6841 /* Pods_PetFeeder.framework */,
			);
			name = Frameworks;
			sourceTree = "<group>";
		};
		ED962CF1F93DE964CF666FC2 /* Pods */ = {
			isa = PBXGroup;
			children = (
				A543EBB7E68684F3A0B1E3D9 /* Pods-PetFeeder.debug.xcconfig */,
				3E2449AE2481DB8F22760C3E /* Pods-PetFeeder.release.xcconfig */,
			);
			path = Pods;
			sourceTree = "<group>";
		};
/* End PBXGroup section */

/* Begin PBXNativeTarget section */
		13E12E5326070E92007638E7 /* PetFeeder */ = {
			isa = PBXNativeTarget;
			buildConfigurationList = 13E12E6826070E94007638E7 /* Build configuration list for PBXNativeTarget "PetFeeder" */;
			buildPhases = (
				CF571FC6CF130F5F79972D6D /* [CP] Check Pods Manifest.lock */,
				13E12E5026070E92007638E7 /* Sources */,
				13E12E5126070E92007638E7 /* Frameworks */,
				13E12E5226070E92007638E7 /* Resources */,
				9F40D14F785417E6CB787DCB /* [CP] Embed Pods Frameworks */,
			);
			buildRules = (
			);
			dependencies = (
			);
			name = PetFeeder;
			productName = PetFeeder;
			productReference = 13E12E5426070E92007638E7 /* PetFeeder.app */;
			productType = "com.apple.product-type.application";
		};
/* End PBXNativeTarget section */

/* Begin PBXProject section */
		13E12E4C26070E92007638E7 /* Project object */ = {
			isa = PBXProject;
			attributes = {
				LastSwiftUpdateCheck = 1240;
				LastUpgradeCheck = 1240;
				TargetAttributes = {
					13E12E5326070E92007638E7 = {
						CreatedOnToolsVersion = 12.4;
					};
				};
			};
			buildConfigurationList = 13E12E4F26070E92007638E7 /* Build configuration list for PBXProject "PetFeeder" */;
			compatibilityVersion = "Xcode 9.3";
			developmentRegion = en;
			hasScannedForEncodings = 0;
			knownRegions = (
				en,
				Base,
			);
			mainGroup = 13E12E4B26070E92007638E7;
			productRefGroup = 13E12E5526070E92007638E7 /* Products */;
			projectDirPath = "";
			projectRoot = "";
			targets = (
				13E12E5326070E92007638E7 /* PetFeeder */,
			);
		};
/* End PBXProject section */

/* Begin PBXResourcesBuildPhase section */
		13E12E5226070E92007638E7 /* Resources */ = {
			isa = PBXResourcesBuildPhase;
			buildActionMask = 2147483647;
			files = (
				13E12E6426070E94007638E7 /* LaunchScreen.storyboard in Resources */,
				13EA9FBE2607F76D0062DFD7 /* GoogleService-Info.plist in Resources */,
				13E12E6126070E94007638E7 /* Assets.xcassets in Resources */,
				13E12E5F26070E93007638E7 /* Main.storyboard in Resources */,
			);
			runOnlyForDeploymentPostprocessing = 0;
		};
/* End PBXResourcesBuildPhase section */

/* Begin PBXShellScriptBuildPhase section */
		9F40D14F785417E6CB787DCB /* [CP] Embed Pods Frameworks */ = {
			isa = PBXShellScriptBuildPhase;
			buildActionMask = 2147483647;
			files = (
			);
			inputFileListPaths = (
				"${PODS_ROOT}/Target Support Files/Pods-PetFeeder/Pods-PetFeeder-frameworks-${CONFIGURATION}-input-files.xcfilelist",
			);
			name = "[CP] Embed Pods Frameworks";
			outputFileListPaths = (
				"${PODS_ROOT}/Target Support Files/Pods-PetFeeder/Pods-PetFeeder-frameworks-${CONFIGURATION}-output-files.xcfilelist",
			);
			runOnlyForDeploymentPostprocessing = 0;
			shellPath = /bin/sh;
			shellScript = "\"${PODS_ROOT}/Target Support Files/Pods-PetFeeder/Pods-PetFeeder-frameworks.sh\"\n";
			showEnvVarsInLog = 0;
		};
		CF571FC6CF130F5F79972D6D /* [CP] Check Pods Manifest.lock */ = {
			isa = PBXShellScriptBuildPhase;
			buildActionMask = 2147483647;
			files = (
			);
			inputFileListPaths = (
			);
			inputPaths = (
				"${PODS_PODFILE_DIR_PATH}/Podfile.lock",
				"${PODS_ROOT}/Manifest.lock",
			);
			name = "[CP] Check Pods Manifest.lock";
			outputFileListPaths = (
			);
			outputPaths = (
				"$(DERIVED_FILE_DIR)/Pods-PetFeeder-checkManifestLockResult.txt",
			);
			runOnlyForDeploymentPostprocessing = 0;
			shellPath = /bin/sh;
			shellScript = "diff \"${PODS_PODFILE_DIR_PATH}/Podfile.lock\" \"${PODS_ROOT}/Manifest.lock\" > /dev/null\nif [ $? != 0 ] ; then\n    # print error to STDERR\n    echo \"error: The sandbox is not in sync with the Podfile.lock. Run 'pod install' or update your CocoaPods installation.\" >&2\n    exit 1\nfi\n# This output is used by Xcode 'outputs' to avoid re-running this script phase.\necho \"SUCCESS\" > \"${SCRIPT_OUTPUT_FILE_0}\"\n";
			showEnvVarsInLog = 0;
		};
/* End PBXShellScriptBuildPhase section */

/* Begin PBXSourcesBuildPhase section */
		13E12E5026070E92007638E7 /* Sources */ = {
			isa = PBXSourcesBuildPhase;
			buildActionMask = 2147483647;
			files = (
				13E12E5C26070E92007638E7 /* ViewController.swift in Sources */,
				13E12E5826070E92007638E7 /* AppDelegate.swift in Sources */,
				13B8FC6C2607161000341244 /* Utilities.swift in Sources */,
				13E12E6D26070F1C007638E7 /* SignUpViewController.swift in Sources */,
				13E12E7026070F2B007638E7 /* LoginViewController.swift in Sources */,
				13E12E5A26070E92007638E7 /* SceneDelegate.swift in Sources */,
				13E12E7326070F45007638E7 /* HomeViewController.swift in Sources */,
				13EA9FE5260826B30062DFD7 /* Constants.swift in Sources */,
			);
			runOnlyForDeploymentPostprocessing = 0;
		};
/* End PBXSourcesBuildPhase section */

/* Begin PBXVariantGroup section */
		13E12E5D26070E93007638E7 /* Main.storyboard */ = {
			isa = PBXVariantGroup;
			children = (
				13E12E5E26070E93007638E7 /* Base */,
			);
			name = Main.storyboard;
			sourceTree = "<group>";
		};
		13E12E6226070E94007638E7 /* LaunchScreen.storyboard */ = {
			isa = PBXVariantGroup;
			children = (
				13E12E6326070E94007638E7 /* Base */,
			);
			name = LaunchScreen.storyboard;
			sourceTree = "<group>";
		};
/* End PBXVariantGroup section */

/* Begin XCBuildConfiguration section */
		13E12E6626070E94007638E7 /* Debug */ = {
			isa = XCBuildConfiguration;
			buildSettings = {
				ALWAYS_SEARCH_USER_PATHS = NO;
				CLANG_ANALYZER_NONNULL = YES;
				CLANG_ANALYZER_NUMBER_OBJECT_CONVERSION = YES_AGGRESSIVE;
				CLANG_CXX_LANGUAGE_STANDARD = "gnu++14";
				CLANG_CXX_LIBRARY = "libc++";
				CLANG_ENABLE_MODULES = YES;
				CLANG_ENABLE_OBJC_ARC = YES;
				CLANG_ENABLE_OBJC_WEAK = YES;
				CLANG_WARN_BLOCK_CAPTURE_AUTORELEASING = YES;
				CLANG_WARN_BOOL_CONVERSION = YES;
				CLANG_WARN_COMMA = YES;
				CLANG_WARN_CONSTANT_CONVERSION = YES;
				CLANG_WARN_DEPRECATED_OBJC_IMPLEMENTATIONS = YES;
				CLANG_WARN_DIRECT_OBJC_ISA_USAGE = YES_ERROR;
				CLANG_WARN_DOCUMENTATION_COMMENTS = YES;
				CLANG_WARN_EMPTY_BODY = YES;
				CLANG_WARN_ENUM_CONVERSION = YES;
				CLANG_WARN_INFINITE_RECURSION = YES;
				CLANG_WARN_INT_CONVERSION = YES;
				CLANG_WARN_NON_LITERAL_NULL_CONVERSION = YES;
				CLANG_WARN_OBJC_IMPLICIT_RETAIN_SELF = YES;
				CLANG_WARN_OBJC_LITERAL_CONVERSION = YES;
				CLANG_WARN_OBJC_ROOT_CLASS = YES_ERROR;
				CLANG_WARN_QUOTED_INCLUDE_IN_FRAMEWORK_HEADER = YES;
				CLANG_WARN_RANGE_LOOP_ANALYSIS = YES;
				CLANG_WARN_STRICT_PROTOTYPES = YES;
				CLANG_WARN_SUSPICIOUS_MOVE = YES;
				CLANG_WARN_UNGUARDED_AVAILABILITY = YES_AGGRESSIVE;
				CLANG_WARN_UNREACHABLE_CODE = YES;
				CLANG_WARN__DUPLICATE_METHOD_MATCH = YES;
				COPY_PHASE_STRIP = NO;
				DEBUG_INFORMATION_FORMAT = dwarf;
				ENABLE_STRICT_OBJC_MSGSEND = YES;
				ENABLE_TESTABILITY = YES;
				GCC_C_LANGUAGE_STANDARD = gnu11;
				GCC_DYNAMIC_NO_PIC = NO;
				GCC_NO_COMMON_BLOCKS = YES;
				GCC_OPTIMIZATION_LEVEL = 0;
				GCC_PREPROCESSOR_DEFINITIONS = (
					"DEBUG=1",
					"$(inherited)",
				);
				GCC_WARN_64_TO_32_BIT_CONVERSION = YES;
				GCC_WARN_ABOUT_RETURN_TYPE = YES_ERROR;
				GCC_WARN_UNDECLARED_SELECTOR = YES;
				GCC_WARN_UNINITIALIZED_AUTOS = YES_AGGRESSIVE;
				GCC_WARN_UNUSED_FUNCTION = YES;
				GCC_WARN_UNUSED_VARIABLE = YES;
				IPHONEOS_DEPLOYMENT_TARGET = 14.4;
				MTL_ENABLE_DEBUG_INFO = INCLUDE_SOURCE;
				MTL_FAST_MATH = YES;
				ONLY_ACTIVE_ARCH = YES;
				SDKROOT = iphoneos;
				SWIFT_ACTIVE_COMPILATION_CONDITIONS = DEBUG;
				SWIFT_OPTIMIZATION_LEVEL = "-Onone";
			};
			name = Debug;
		};
		13E12E6726070E94007638E7 /* Release */ = {
			isa = XCBuildConfiguration;
			buildSettings = {
				ALWAYS_SEARCH_USER_PATHS = NO;
				CLANG_ANALYZER_NONNULL = YES;
				CLANG_ANALYZER_NUMBER_OBJECT_CONVERSION = YES_AGGRESSIVE;
				CLANG_CXX_LANGUAGE_STANDARD = "gnu++14";
				CLANG_CXX_LIBRARY = "libc++";
				CLANG_ENABLE_MODULES = YES;
				CLANG_ENABLE_OBJC_ARC = YES;
				CLANG_ENABLE_OBJC_WEAK = YES;
				CLANG_WARN_BLOCK_CAPTURE_AUTORELEASING = YES;
				CLANG_WARN_BOOL_CONVERSION = YES;
				CLANG_WARN_COMMA = YES;
				CLANG_WARN_CONSTANT_CONVERSION = YES;
				CLANG_WARN_DEPRECATED_OBJC_IMPLEMENTATIONS = YES;
				CLANG_WARN_DIRECT_OBJC_ISA_USAGE = YES_ERROR;
				CLANG_WARN_DOCUMENTATION_COMMENTS = YES;
				CLANG_WARN_EMPTY_BODY = YES;
				CLANG_WARN_ENUM_CONVERSION = YES;
				CLANG_WARN_INFINITE_RECURSION = YES;
				CLANG_WARN_INT_CONVERSION = YES;
				CLANG_WARN_NON_LITERAL_NULL_CONVERSION = YES;
				CLANG_WARN_OBJC_IMPLICIT_RETAIN_SELF = YES;
				CLANG_WARN_OBJC_LITERAL_CONVERSION = YES;
				CLANG_WARN_OBJC_ROOT_CLASS = YES_ERROR;
				CLANG_WARN_QUOTED_INCLUDE_IN_FRAMEWORK_HEADER = YES;
				CLANG_WARN_RANGE_LOOP_ANALYSIS = YES;
				CLANG_WARN_STRICT_PROTOTYPES = YES;
				CLANG_WARN_SUSPICIOUS_MOVE = YES;
				CLANG_WARN_UNGUARDED_AVAILABILITY = YES_AGGRESSIVE;
				CLANG_WARN_UNREACHABLE_CODE = YES;
				CLANG_WARN__DUPLICATE_METHOD_MATCH = YES;
				COPY_PHASE_STRIP = NO;
				DEBUG_INFORMATION_FORMAT = "dwarf-with-dsym";
				ENABLE_NS_ASSERTIONS = NO;
				ENABLE_STRICT_OBJC_MSGSEND = YES;
				GCC_C_LANGUAGE_STANDARD = gnu11;
				GCC_NO_COMMON_BLOCKS = YES;
				GCC_WARN_64_TO_32_BIT_CONVERSION = YES;
				GCC_WARN_ABOUT_RETURN_TYPE = YES_ERROR;
				GCC_WARN_UNDECLARED_SELECTOR = YES;
				GCC_WARN_UNINITIALIZED_AUTOS = YES_AGGRESSIVE;
				GCC_WARN_UNUSED_FUNCTION = YES;
				GCC_WARN_UNUSED_VARIABLE = YES;
				IPHONEOS_DEPLOYMENT_TARGET = 14.4;
				MTL_ENABLE_DEBUG_INFO = NO;
				MTL_FAST_MATH = YES;
				SDKROOT = iphoneos;
				SWIFT_COMPILATION_MODE = wholemodule;
				SWIFT_OPTIMIZATION_LEVEL = "-O";
				VALIDATE_PRODUCT = YES;
			};
			name = Release;
		};
		13E12E6926070E94007638E7 /* Debug */ = {
			isa = XCBuildConfiguration;
			baseConfigurationReference = A543EBB7E68684F3A0B1E3D9 /* Pods-PetFeeder.debug.xcconfig */;
			buildSettings = {
				ASSETCATALOG_COMPILER_APPICON_NAME = AppIcon;
				ASSETCATALOG_COMPILER_GLOBAL_ACCENT_COLOR_NAME = AccentColor;
				CODE_SIGN_STYLE = Automatic;
				DEVELOPMENT_TEAM = 39WH7FH7ZD;
				INFOPLIST_FILE = PetFeeder/Info.plist;
				LD_RUNPATH_SEARCH_PATHS = (
					"$(inherited)",
					"@executable_path/Frameworks",
				);
				PRODUCT_BUNDLE_IDENTIFIER = javiergonzalez.PetFeeder;
				PRODUCT_NAME = "$(TARGET_NAME)";
				SWIFT_VERSION = 5.0;
				TARGETED_DEVICE_FAMILY = "1,2";
			};
			name = Debug;
		};
		13E12E6A26070E94007638E7 /* Release */ = {
			isa = XCBuildConfiguration;
			baseConfigurationReference = 3E2449AE2481DB8F22760C3E /* Pods-PetFeeder.release.xcconfig */;
			buildSettings = {
				ASSETCATALOG_COMPILER_APPICON_NAME = AppIcon;
				ASSETCATALOG_COMPILER_GLOBAL_ACCENT_COLOR_NAME = AccentColor;
				CODE_SIGN_STYLE = Automatic;
				DEVELOPMENT_TEAM = 39WH7FH7ZD;
				INFOPLIST_FILE = PetFeeder/Info.plist;
				LD_RUNPATH_SEARCH_PATHS = (
					"$(inherited)",
					"@executable_path/Frameworks",
				);
				PRODUCT_BUNDLE_IDENTIFIER = javiergonzalez.PetFeeder;
				PRODUCT_NAME = "$(TARGET_NAME)";
				SWIFT_VERSION = 5.0;
				TARGETED_DEVICE_FAMILY = "1,2";
			};
			name = Release;
		};
/* End XCBuildConfiguration section */

/* Begin XCConfigurationList section */
		13E12E4F26070E92007638E7 /* Build configuration list for PBXProject "PetFeeder" */ = {
			isa = XCConfigurationList;
			buildConfigurations = (
				13E12E6626070E94007638E7 /* Debug */,
				13E12E6726070E94007638E7 /* Release */,
			);
			defaultConfigurationIsVisible = 0;
			defaultConfigurationName = Release;
		};
		13E12E6826070E94007638E7 /* Build configuration list for PBXNativeTarget "PetFeeder" */ = {
			isa = XCConfigurationList;
			buildConfigurations = (
				13E12E6926070E94007638E7 /* Debug */,
				13E12E6A26070E94007638E7 /* Release */,
			);
			defaultConfigurationIsVisible = 0;
			defaultConfigurationName = Release;
		};
/* End XCConfigurationList section */
	};
	rootObject = 13E12E4C26070E92007638E7 /* Project object */;
}
